# THIS IS AN AUTOGENERATED FILE. DO NOT EDIT THIS FILE DIRECTLY.
# yarn lockfile v1


mock_child_process_module@../../fixtures/node_modules/mock_child_process_module:
  version "1.0.0"

mock_native_module@../../fixtures/node_modules/mock_native_module:
  version "1.0.0"

mock_simple_module@../../fixtures/node_modules/mock_simple_module:
  version "1.0.0"

static-fs@../../../:
  version "0.0.1"
